
Microsoft Visual Studio Solution File, Format Version 12.00
# Visual Studio 14
VisualStudioVersion = 14.0.25420.1
MinimumVisualStudioVersion = 10.0.40219.1
Project("{151D2E53-A2C4-4D7D-83FE-D05416EBD58E}") = "virtualmachine", "virtualmachine\virtualmachine.deployproj", "{A5B0D751-2F94-4C69-B07B-0120EA4D68E8}"
EndProject
Global
	GlobalSection(SolutionConfigurationPlatforms) = preSolution
		Debug|Any CPU = Debug|Any CPU
		Release|Any CPU = Release|Any CPU
	EndGlobalSection
	GlobalSection(ProjectConfigurationPlatforms) = postSolution
		{A5B0D751-2F94-4C69-B07B-0120EA4D68E8}.Debug|Any CPU.ActiveCfg = Debug|Any CPU
		{A5B0D751-2F94-4C69-B07B-0120EA4D68E8}.Debug|Any CPU.Build.0 = Debug|Any CPU
		{A5B0D751-2F94-4C69-B07B-0120EA4D68E8}.Release|Any CPU.ActiveCfg = Release|Any CPU
		{A5B0D751-2F94-4C69-B07B-0120EA4D68E8}.Release|Any CPU.Build.0 = Release|Any CPU
	EndGlobalSection
	GlobalSection(SolutionProperties) = preSolution
		HideSolutionNode = FALSE
	EndGlobalSection
EndGlobal
